
Microsoft Visual Studio Solution File, Format Version 12.00
# Visual Studio Version 17
VisualStudioVersion = 17.7.34031.279
MinimumVisualStudioVersion = 10.0.40219.1
Project("{FAE04EC0-301F-11D3-BF4B-00C04F79EFBC}") = "LibraryManagementSystem", "LibraryManagementSystem\LibraryManagementSystem.csproj", "{840109EE-2445-47E0-AC0F-D067183C2EFA}"
EndProject
Global
	GlobalSection(SolutionConfigurationPlatforms) = preSolution
		Debug|Any CPU = Debug|Any CPU
		Release|Any CPU = Release|Any CPU
	EndGlobalSection
	GlobalSection(ProjectConfigurationPlatforms) = postSolution
		{840109EE-2445-47E0-AC0F-D067183C2EFA}.Debug|Any CPU.ActiveCfg = Debug|Any CPU
		{840109EE-2445-47E0-AC0F-D067183C2EFA}.Debug|Any CPU.Build.0 = Debug|Any CPU
		{840109EE-2445-47E0-AC0F-D067183C2EFA}.Release|Any CPU.ActiveCfg = Release|Any CPU
		{840109EE-2445-47E0-AC0F-D067183C2EFA}.Release|Any CPU.Build.0 = Release|Any CPU
	EndGlobalSection
	GlobalSection(SolutionProperties) = preSolution
		HideSolutionNode = FALSE
	EndGlobalSection
	GlobalSection(ExtensibilityGlobals) = postSolution
		SolutionGuid = {1740005D-429D-4761-B866-309CA0F60995}
	EndGlobalSection
EndGlobal
